// !$*UTF8*$!
{
	archiveVersion = 1;
	classes = {
	};
	objectVersion = 50;
	objects = {

/* Begin PBXBuildFile section */
		841984DF2437C8D2008CDB42 /* DistrictsData.swift in Sources */ = {isa = PBXBuildFile; fileRef = 841984DE2437C8D2008CDB42 /* DistrictsData.swift */; };
		8422BFC9245DCFDA00149301 /* Districts.plist in Resources */ = {isa = PBXBuildFile; fileRef = 8422BFC8245DCFDA00149301 /* Districts.plist */; };
		8422BFCB245DCFDE00149301 /* Cities.plist in Resources */ = {isa = PBXBuildFile; fileRef = 8422BFCA245DCFDD00149301 /* Cities.plist */; };
		8434037E2438431500C9E030 /* DetailViewController.swift in Sources */ = {isa = PBXBuildFile; fileRef = 8434037D2438431500C9E030 /* DetailViewController.swift */; };
		84340380243843AC00C9E030 /* DetailTableViewCell.swift in Sources */ = {isa = PBXBuildFile; fileRef = 8434037F243843AC00C9E030 /* DetailTableViewCell.swift */; };
		847ACBF92436DEA90007E854 /* AppDelegate.swift in Sources */ = {isa = PBXBuildFile; fileRef = 847ACBF82436DEA90007E854 /* AppDelegate.swift */; };
		847ACBFB2436DEA90007E854 /* SceneDelegate.swift in Sources */ = {isa = PBXBuildFile; fileRef = 847ACBFA2436DEA90007E854 /* SceneDelegate.swift */; };
		847ACBFD2436DEA90007E854 /* MasterViewController.swift in Sources */ = {isa = PBXBuildFile; fileRef = 847ACBFC2436DEA90007E854 /* MasterViewController.swift */; };
		847ACC002436DEA90007E854 /* Main.storyboard in Resources */ = {isa = PBXBuildFile; fileRef = 847ACBFE2436DEA90007E854 /* Main.storyboard */; };
		847ACC022436DEAA0007E854 /* Assets.xcassets in Resources */ = {isa = PBXBuildFile; fileRef = 847ACC012436DEAA0007E854 /* Assets.xcassets */; };
		847ACC052436DEAA0007E854 /* LaunchScreen.storyboard in Resources */ = {isa = PBXBuildFile; fileRef = 847ACC032436DEAA0007E854 /* LaunchScreen.storyboard */; };
		84AB876824381E0A0025BB39 /* CityData.swift in Sources */ = {isa = PBXBuildFile; fileRef = 84AB876724381E0A0025BB39 /* CityData.swift */; };
		84AB876A24381E2A0025BB39 /* DataService.swift in Sources */ = {isa = PBXBuildFile; fileRef = 84AB876924381E2A0025BB39 /* DataService.swift */; };
		84AB876C2438222C0025BB39 /* MasterTableViewCell.swift in Sources */ = {isa = PBXBuildFile; fileRef = 84AB876B2438222C0025BB39 /* MasterTableViewCell.swift */; };
		84DDEE282438B91F0043FF0C /* PostViewController.swift in Sources */ = {isa = PBXBuildFile; fileRef = 84DDEE272438B91F0043FF0C /* PostViewController.swift */; };
		84DDEE2A2438C70E0043FF0C /* TotolViewController.swift in Sources */ = {isa = PBXBuildFile; fileRef = 84DDEE292438C70D0043FF0C /* TotolViewController.swift */; };
/* End PBXBuildFile section */

/* Begin PBXFileReference section */
		841984DE2437C8D2008CDB42 /* DistrictsData.swift */ = {isa = PBXFileReference; lastKnownFileType = sourcecode.swift; path = DistrictsData.swift; sourceTree = "<group>"; };
		8422BFC8245DCFDA00149301 /* Districts.plist */ = {isa = PBXFileReference; fileEncoding = 4; lastKnownFileType = text.plist.xml; name = Districts.plist; path = ../../../Districts.plist; sourceTree = "<group>"; };
		8422BFCA245DCFDD00149301 /* Cities.plist */ = {isa = PBXFileReference; fileEncoding = 4; lastKnownFileType = text.plist.xml; name = Cities.plist; path = ../../../Cities.plist; sourceTree = "<group>"; };
		8434037D2438431500C9E030 /* DetailViewController.swift */ = {isa = PBXFileReference; lastKnownFileType = sourcecode.swift; path = DetailViewController.swift; sourceTree = "<group>"; };
		8434037F243843AC00C9E030 /* DetailTableViewCell.swift */ = {isa = PBXFileReference; lastKnownFileType = sourcecode.swift; path = DetailTableViewCell.swift; sourceTree = "<group>"; };
		847ACBF52436DEA90007E854 /* Register.app */ = {isa = PBXFileReference; explicitFileType = wrapper.application; includeInIndex = 0; path = Register.app; sourceTree = BUILT_PRODUCTS_DIR; };
		847ACBF82436DEA90007E854 /* AppDelegate.swift */ = {isa = PBXFileReference; lastKnownFileType = sourcecode.swift; path = AppDelegate.swift; sourceTree = "<group>"; };
		847ACBFA2436DEA90007E854 /* SceneDelegate.swift */ = {isa = PBXFileReference; lastKnownFileType = sourcecode.swift; path = SceneDelegate.swift; sourceTree = "<group>"; };
		847ACBFC2436DEA90007E854 /* MasterViewController.swift */ = {isa = PBXFileReference; lastKnownFileType = sourcecode.swift; path = MasterViewController.swift; sourceTree = "<group>"; };
		847ACBFF2436DEA90007E854 /* Base */ = {isa = PBXFileReference; lastKnownFileType = file.storyboard; name = Base; path = Base.lproj/Main.storyboard; sourceTree = "<group>"; };
		847ACC012436DEAA0007E854 /* Assets.xcassets */ = {isa = PBXFileReference; lastKnownFileType = folder.assetcatalog; path = Assets.xcassets; sourceTree = "<group>"; };
		847ACC042436DEAA0007E854 /* Base */ = {isa = PBXFileReference; lastKnownFileType = file.storyboard; name = Base; path = Base.lproj/LaunchScreen.storyboard; sourceTree = "<group>"; };
		847ACC062436DEAA0007E854 /* Info.plist */ = {isa = PBXFileReference; lastKnownFileType = text.plist.xml; path = Info.plist; sourceTree = "<group>"; };
		84AB876724381E0A0025BB39 /* CityData.swift */ = {isa = PBXFileReference; lastKnownFileType = sourcecode.swift; path = CityData.swift; sourceTree = "<group>"; };
		84AB876924381E2A0025BB39 /* DataService.swift */ = {isa = PBXFileReference; lastKnownFileType = sourcecode.swift; path = DataService.swift; sourceTree = "<group>"; };
		84AB876B2438222C0025BB39 /* MasterTableViewCell.swift */ = {isa = PBXFileReference; lastKnownFileType = sourcecode.swift; path = MasterTableViewCell.swift; sourceTree = "<group>"; };
		84DDEE272438B91F0043FF0C /* PostViewController.swift */ = {isa = PBXFileReference; lastKnownFileType = sourcecode.swift; path = PostViewController.swift; sourceTree = "<group>"; };
		84DDEE292438C70D0043FF0C /* TotolViewController.swift */ = {isa = PBXFileReference; lastKnownFileType = sourcecode.swift; path = TotolViewController.swift; sourceTree = "<group>"; };
/* End PBXFileReference section */

/* Begin PBXFrameworksBuildPhase section */
		847ACBF22436DEA90007E854 /* Frameworks */ = {
			isa = PBXFrameworksBuildPhase;
			buildActionMask = 2147483647;
			files = (
			);
			runOnlyForDeploymentPostprocessing = 0;
		};
/* End PBXFrameworksBuildPhase section */

/* Begin PBXGroup section */
		841984DB2437C878008CDB42 /* Model */ = {
			isa = PBXGroup;
			children = (
				84AB876724381E0A0025BB39 /* CityData.swift */,
				841984DE2437C8D2008CDB42 /* DistrictsData.swift */,
				84AB876924381E2A0025BB39 /* DataService.swift */,
			);
			path = Model;
			sourceTree = "<group>";
		};
		841984DC2437C87C008CDB42 /* View */ = {
			isa = PBXGroup;
			children = (
				84AB876B2438222C0025BB39 /* MasterTableViewCell.swift */,
				8434037F243843AC00C9E030 /* DetailTableViewCell.swift */,
			);
			path = View;
			sourceTree = "<group>";
		};
		841984DD2437C880008CDB42 /* Controller */ = {
			isa = PBXGroup;
			children = (
				847ACBFC2436DEA90007E854 /* MasterViewController.swift */,
				8434037D2438431500C9E030 /* DetailViewController.swift */,
				84DDEE272438B91F0043FF0C /* PostViewController.swift */,
				84DDEE292438C70D0043FF0C /* TotolViewController.swift */,
			);
			path = Controller;
			sourceTree = "<group>";
		};
		847ACBEC2436DEA90007E854 = {
			isa = PBXGroup;
			children = (
				847ACBF72436DEA90007E854 /* Register */,
				847ACBF62436DEA90007E854 /* Products */,
			);
			sourceTree = "<group>";
		};
		847ACBF62436DEA90007E854 /* Products */ = {
			isa = PBXGroup;
			children = (
				847ACBF52436DEA90007E854 /* Register.app */,
			);
			name = Products;
			sourceTree = "<group>";
		};
		847ACBF72436DEA90007E854 /* Register */ = {
			isa = PBXGroup;
			children = (
				847ACBF82436DEA90007E854 /* AppDelegate.swift */,
				847ACBFA2436DEA90007E854 /* SceneDelegate.swift */,
				841984DB2437C878008CDB42 /* Model */,
				841984DC2437C87C008CDB42 /* View */,
				841984DD2437C880008CDB42 /* Controller */,
				847ACBFE2436DEA90007E854 /* Main.storyboard */,
				847ACC012436DEAA0007E854 /* Assets.xcassets */,
				847ACC032436DEAA0007E854 /* LaunchScreen.storyboard */,
				8422BFC8245DCFDA00149301 /* Districts.plist */,
				8422BFCA245DCFDD00149301 /* Cities.plist */,
				847ACC062436DEAA0007E854 /* Info.plist */,
			);
			path = Register;
			sourceTree = "<group>";
		};
/* End PBXGroup section */

/* Begin PBXNativeTarget section */
		847ACBF42436DEA90007E854 /* Register */ = {
			isa = PBXNativeTarget;
			buildConfigurationList = 847ACC092436DEAA0007E854 /* Build configuration list for PBXNativeTarget "Register" */;
			buildPhases = (
				847ACBF12436DEA90007E854 /* Sources */,
				847ACBF22436DEA90007E854 /* Frameworks */,
				847ACBF32436DEA90007E854 /* Resources */,
			);
			buildRules = (
			);
			dependencies = (
			);
			name = Register;
			productName = Register;
			productReference = 847ACBF52436DEA90007E854 /* Register.app */;
			productType = "com.apple.product-type.application";
		};
/* End PBXNativeTarget section */

/* Begin PBXProject section */
		847ACBED2436DEA90007E854 /* Project object */ = {
			isa = PBXProject;
			attributes = {
				LastSwiftUpdateCheck = 1100;
				LastUpgradeCheck = 1100;
				ORGANIZATIONNAME = Long;
				TargetAttributes = {
					847ACBF42436DEA90007E854 = {
						CreatedOnToolsVersion = 11.0;
					};
				};
			};
			buildConfigurationList = 847ACBF02436DEA90007E854 /* Build configuration list for PBXProject "Register" */;
			compatibilityVersion = "Xcode 9.3";
			developmentRegion = en;
			hasScannedForEncodings = 0;
			knownRegions = (
				en,
				Base,
			);
			mainGroup = 847ACBEC2436DEA90007E854;
			productRefGroup = 847ACBF62436DEA90007E854 /* Products */;
			projectDirPath = "";
			projectRoot = "";
			targets = (
				847ACBF42436DEA90007E854 /* Register */,
			);
		};
/* End PBXProject section */

/* Begin PBXResourcesBuildPhase section */
		847ACBF32436DEA90007E854 /* Resources */ = {
			isa = PBXResourcesBuildPhase;
			buildActionMask = 2147483647;
			files = (
				847ACC052436DEAA0007E854 /* LaunchScreen.storyboard in Resources */,
				847ACC022436DEAA0007E854 /* Assets.xcassets in Resources */,
				8422BFCB245DCFDE00149301 /* Cities.plist in Resources */,
				8422BFC9245DCFDA00149301 /* Districts.plist in Resources */,
				847ACC002436DEA90007E854 /* Main.storyboard in Resources */,
			);
			runOnlyForDeploymentPostprocessing = 0;
		};
/* End PBXResourcesBuildPhase section */

/* Begin PBXSourcesBuildPhase section */
		847ACBF12436DEA90007E854 /* Sources */ = {
			isa = PBXSourcesBuildPhase;
			buildActionMask = 2147483647;
			files = (
				84340380243843AC00C9E030 /* DetailTableViewCell.swift in Sources */,
				84AB876824381E0A0025BB39 /* CityData.swift in Sources */,
				84AB876C2438222C0025BB39 /* MasterTableViewCell.swift in Sources */,
				847ACBFD2436DEA90007E854 /* MasterViewController.swift in Sources */,
				84DDEE282438B91F0043FF0C /* PostViewController.swift in Sources */,
				84DDEE2A2438C70E0043FF0C /* TotolViewController.swift in Sources */,
				847ACBF92436DEA90007E854 /* AppDelegate.swift in Sources */,
				847ACBFB2436DEA90007E854 /* SceneDelegate.swift in Sources */,
				84AB876A24381E2A0025BB39 /* DataService.swift in Sources */,
				841984DF2437C8D2008CDB42 /* DistrictsData.swift in Sources */,
				8434037E2438431500C9E030 /* DetailViewController.swift in Sources */,
			);
			runOnlyForDeploymentPostprocessing = 0;
		};
/* End PBXSourcesBuildPhase section */

/* Begin PBXVariantGroup section */
		847ACBFE2436DEA90007E854 /* Main.storyboard */ = {
			isa = PBXVariantGroup;
			children = (
				847ACBFF2436DEA90007E854 /* Base */,
			);
			name = Main.storyboard;
			sourceTree = "<group>";
		};
		847ACC032436DEAA0007E854 /* LaunchScreen.storyboard */ = {
			isa = PBXVariantGroup;
			children = (
				847ACC042436DEAA0007E854 /* Base */,
			);
			name = LaunchScreen.storyboard;
			sourceTree = "<group>";
		};
/* End PBXVariantGroup section */

/* Begin XCBuildConfiguration section */
		847ACC072436DEAA0007E854 /* Debug */ = {
			isa = XCBuildConfiguration;
			buildSettings = {
				ALWAYS_SEARCH_USER_PATHS = NO;
				CLANG_ANALYZER_NONNULL = YES;
				CLANG_ANALYZER_NUMBER_OBJECT_CONVERSION = YES_AGGRESSIVE;
				CLANG_CXX_LANGUAGE_STANDARD = "gnu++14";
				CLANG_CXX_LIBRARY = "libc++";
				CLANG_ENABLE_MODULES = YES;
				CLANG_ENABLE_OBJC_ARC = YES;
				CLANG_ENABLE_OBJC_WEAK = YES;
				CLANG_WARN_BLOCK_CAPTURE_AUTORELEASING = YES;
				CLANG_WARN_BOOL_CONVERSION = YES;
				CLANG_WARN_COMMA = YES;
				CLANG_WARN_CONSTANT_CONVERSION = YES;
				CLANG_WARN_DEPRECATED_OBJC_IMPLEMENTATIONS = YES;
				CLANG_WARN_DIRECT_OBJC_ISA_USAGE = YES_ERROR;
				CLANG_WARN_DOCUMENTATION_COMMENTS = YES;
				CLANG_WARN_EMPTY_BODY = YES;
				CLANG_WARN_ENUM_CONVERSION = YES;
				CLANG_WARN_INFINITE_RECURSION = YES;
				CLANG_WARN_INT_CONVERSION = YES;
				CLANG_WARN_NON_LITERAL_NULL_CONVERSION = YES;
				CLANG_WARN_OBJC_IMPLICIT_RETAIN_SELF = YES;
				CLANG_WARN_OBJC_LITERAL_CONVERSION = YES;
				CLANG_WARN_OBJC_ROOT_CLASS = YES_ERROR;
				CLANG_WARN_RANGE_LOOP_ANALYSIS = YES;
				CLANG_WARN_STRICT_PROTOTYPES = YES;
				CLANG_WARN_SUSPICIOUS_MOVE = YES;
				CLANG_WARN_UNGUARDED_AVAILABILITY = YES_AGGRESSIVE;
				CLANG_WARN_UNREACHABLE_CODE = YES;
				CLANG_WARN__DUPLICATE_METHOD_MATCH = YES;
				COPY_PHASE_STRIP = NO;
				DEBUG_INFORMATION_FORMAT = dwarf;
				ENABLE_STRICT_OBJC_MSGSEND = YES;
				ENABLE_TESTABILITY = YES;
				GCC_C_LANGUAGE_STANDARD = gnu11;
				GCC_DYNAMIC_NO_PIC = NO;
				GCC_NO_COMMON_BLOCKS = YES;
				GCC_OPTIMIZATION_LEVEL = 0;
				GCC_PREPROCESSOR_DEFINITIONS = (
					"DEBUG=1",
					"$(inherited)",
				);
				GCC_WARN_64_TO_32_BIT_CONVERSION = YES;
				GCC_WARN_ABOUT_RETURN_TYPE = YES_ERROR;
				GCC_WARN_UNDECLARED_SELECTOR = YES;
				GCC_WARN_UNINITIALIZED_AUTOS = YES_AGGRESSIVE;
				GCC_WARN_UNUSED_FUNCTION = YES;
				GCC_WARN_UNUSED_VARIABLE = YES;
				IPHONEOS_DEPLOYMENT_TARGET = 13.0;
				MTL_ENABLE_DEBUG_INFO = INCLUDE_SOURCE;
				MTL_FAST_MATH = YES;
				ONLY_ACTIVE_ARCH = YES;
				SDKROOT = iphoneos;
				SWIFT_ACTIVE_COMPILATION_CONDITIONS = DEBUG;
				SWIFT_OPTIMIZATION_LEVEL = "-Onone";
			};
			name = Debug;
		};
		847ACC082436DEAA0007E854 /* Release */ = {
			isa = XCBuildConfiguration;
			buildSettings = {
				ALWAYS_SEARCH_USER_PATHS = NO;
				CLANG_ANALYZER_NONNULL = YES;
				CLANG_ANALYZER_NUMBER_OBJECT_CONVERSION = YES_AGGRESSIVE;
				CLANG_CXX_LANGUAGE_STANDARD = "gnu++14";
				CLANG_CXX_LIBRARY = "libc++";
				CLANG_ENABLE_MODULES = YES;
				CLANG_ENABLE_OBJC_ARC = YES;
				CLANG_ENABLE_OBJC_WEAK = YES;
				CLANG_WARN_BLOCK_CAPTURE_AUTORELEASING = YES;
				CLANG_WARN_BOOL_CONVERSION = YES;
				CLANG_WARN_COMMA = YES;
				CLANG_WARN_CONSTANT_CONVERSION = YES;
				CLANG_WARN_DEPRECATED_OBJC_IMPLEMENTATIONS = YES;
				CLANG_WARN_DIRECT_OBJC_ISA_USAGE = YES_ERROR;
				CLANG_WARN_DOCUMENTATION_COMMENTS = YES;
				CLANG_WARN_EMPTY_BODY = YES;
				CLANG_WARN_ENUM_CONVERSION = YES;
				CLANG_WARN_INFINITE_RECURSION = YES;
				CLANG_WARN_INT_CONVERSION = YES;
				CLANG_WARN_NON_LITERAL_NULL_CONVERSION = YES;
				CLANG_WARN_OBJC_IMPLICIT_RETAIN_SELF = YES;
				CLANG_WARN_OBJC_LITERAL_CONVERSION = YES;
				CLANG_WARN_OBJC_ROOT_CLASS = YES_ERROR;
				CLANG_WARN_RANGE_LOOP_ANALYSIS = YES;
				CLANG_WARN_STRICT_PROTOTYPES = YES;
				CLANG_WARN_SUSPICIOUS_MOVE = YES;
				CLANG_WARN_UNGUARDED_AVAILABILITY = YES_AGGRESSIVE;
				CLANG_WARN_UNREACHABLE_CODE = YES;
				CLANG_WARN__DUPLICATE_METHOD_MATCH = YES;
				COPY_PHASE_STRIP = NO;
				DEBUG_INFORMATION_FORMAT = "dwarf-with-dsym";
				ENABLE_NS_ASSERTIONS = NO;
				ENABLE_STRICT_OBJC_MSGSEND = YES;
				GCC_C_LANGUAGE_STANDARD = gnu11;
				GCC_NO_COMMON_BLOCKS = YES;
				GCC_WARN_64_TO_32_BIT_CONVERSION = YES;
				GCC_WARN_ABOUT_RETURN_TYPE = YES_ERROR;
				GCC_WARN_UNDECLARED_SELECTOR = YES;
				GCC_WARN_UNINITIALIZED_AUTOS = YES_AGGRESSIVE;
				GCC_WARN_UNUSED_FUNCTION = YES;
				GCC_WARN_UNUSED_VARIABLE = YES;
				IPHONEOS_DEPLOYMENT_TARGET = 13.0;
				MTL_ENABLE_DEBUG_INFO = NO;
				MTL_FAST_MATH = YES;
				SDKROOT = iphoneos;
				SWIFT_COMPILATION_MODE = wholemodule;
				SWIFT_OPTIMIZATION_LEVEL = "-O";
				VALIDATE_PRODUCT = YES;
			};
			name = Release;
		};
		847ACC0A2436DEAA0007E854 /* Debug */ = {
			isa = XCBuildConfiguration;
			buildSettings = {
				ASSETCATALOG_COMPILER_APPICON_NAME = AppIcon;
				CODE_SIGN_STYLE = Automatic;
				INFOPLIST_FILE = Register/Info.plist;
				LD_RUNPATH_SEARCH_PATHS = (
					"$(inherited)",
					"@executable_path/Frameworks",
				);
				PRODUCT_BUNDLE_IDENTIFIER = Long.Register;
				PRODUCT_NAME = "$(TARGET_NAME)";
				SWIFT_VERSION = 5.0;
				TARGETED_DEVICE_FAMILY = "1,2";
			};
			name = Debug;
		};
		847ACC0B2436DEAA0007E854 /* Release */ = {
			isa = XCBuildConfiguration;
			buildSettings = {
				ASSETCATALOG_COMPILER_APPICON_NAME = AppIcon;
				CODE_SIGN_STYLE = Automatic;
				INFOPLIST_FILE = Register/Info.plist;
				LD_RUNPATH_SEARCH_PATHS = (
					"$(inherited)",
					"@executable_path/Frameworks",
				);
				PRODUCT_BUNDLE_IDENTIFIER = Long.Register;
				PRODUCT_NAME = "$(TARGET_NAME)";
				SWIFT_VERSION = 5.0;
				TARGETED_DEVICE_FAMILY = "1,2";
			};
			name = Release;
		};
/* End XCBuildConfiguration section */

/* Begin XCConfigurationList section */
		847ACBF02436DEA90007E854 /* Build configuration list for PBXProject "Register" */ = {
			isa = XCConfigurationList;
			buildConfigurations = (
				847ACC072436DEAA0007E854 /* Debug */,
				847ACC082436DEAA0007E854 /* Release */,
			);
			defaultConfigurationIsVisible = 0;
			defaultConfigurationName = Release;
		};
		847ACC092436DEAA0007E854 /* Build configuration list for PBXNativeTarget "Register" */ = {
			isa = XCConfigurationList;
			buildConfigurations = (
				847ACC0A2436DEAA0007E854 /* Debug */,
				847ACC0B2436DEAA0007E854 /* Release */,
			);
			defaultConfigurationIsVisible = 0;
			defaultConfigurationName = Release;
		};
/* End XCConfigurationList section */
	};
	rootObject = 847ACBED2436DEA90007E854 /* Project object */;
}
